
Microsoft Visual Studio Solution File, Format Version 12.00
# Visual Studio 15
VisualStudioVersion = 15.0.26430.13
MinimumVisualStudioVersion = 10.0.40219.1
Project("{FAE04EC0-301F-11D3-BF4B-00C04F79EFBC}") = "ContsoMVC", "ContsoMVC\ContsoMVC.csproj", "{B522BA82-AEBA-41D5-900F-9EC125EA301E}"
EndProject
Project("{FAE04EC0-301F-11D3-BF4B-00C04F79EFBC}") = "Contso.Data", "Contso.Data\Contso.Data.csproj", "{CC40D3D5-44A7-414B-84DF-40B985D71087}"
EndProject
Project("{FAE04EC0-301F-11D3-BF4B-00C04F79EFBC}") = "Contso.Model", "Contso.Model\Contso.Model.csproj", "{2E059D9D-6E80-465F-BB03-8AFE52DD887D}"
EndProject
Project("{FAE04EC0-301F-11D3-BF4B-00C04F79EFBC}") = "Contso.Service", "Contso.Service\Contso.Service.csproj", "{F7E28EFE-D88C-4660-8D3F-78EA914A769B}"
EndProject
Global
	GlobalSection(SolutionConfigurationPlatforms) = preSolution
		Debug|Any CPU = Debug|Any CPU
		Release|Any CPU = Release|Any CPU
	EndGlobalSection
	GlobalSection(ProjectConfigurationPlatforms) = postSolution
		{B522BA82-AEBA-41D5-900F-9EC125EA301E}.Debug|Any CPU.ActiveCfg = Debug|Any CPU
		{B522BA82-AEBA-41D5-900F-9EC125EA301E}.Debug|Any CPU.Build.0 = Debug|Any CPU
		{B522BA82-AEBA-41D5-900F-9EC125EA301E}.Release|Any CPU.ActiveCfg = Release|Any CPU
		{B522BA82-AEBA-41D5-900F-9EC125EA301E}.Release|Any CPU.Build.0 = Release|Any CPU
		{CC40D3D5-44A7-414B-84DF-40B985D71087}.Debug|Any CPU.ActiveCfg = Debug|Any CPU
		{CC40D3D5-44A7-414B-84DF-40B985D71087}.Debug|Any CPU.Build.0 = Debug|Any CPU
		{CC40D3D5-44A7-414B-84DF-40B985D71087}.Release|Any CPU.ActiveCfg = Release|Any CPU
		{CC40D3D5-44A7-414B-84DF-40B985D71087}.Release|Any CPU.Build.0 = Release|Any CPU
		{2E059D9D-6E80-465F-BB03-8AFE52DD887D}.Debug|Any CPU.ActiveCfg = Debug|Any CPU
		{2E059D9D-6E80-465F-BB03-8AFE52DD887D}.Debug|Any CPU.Build.0 = Debug|Any CPU
		{2E059D9D-6E80-465F-BB03-8AFE52DD887D}.Release|Any CPU.ActiveCfg = Release|Any CPU
		{2E059D9D-6E80-465F-BB03-8AFE52DD887D}.Release|Any CPU.Build.0 = Release|Any CPU
		{F7E28EFE-D88C-4660-8D3F-78EA914A769B}.Debug|Any CPU.ActiveCfg = Debug|Any CPU
		{F7E28EFE-D88C-4660-8D3F-78EA914A769B}.Debug|Any CPU.Build.0 = Debug|Any CPU
		{F7E28EFE-D88C-4660-8D3F-78EA914A769B}.Release|Any CPU.ActiveCfg = Release|Any CPU
		{F7E28EFE-D88C-4660-8D3F-78EA914A769B}.Release|Any CPU.Build.0 = Release|Any CPU
	EndGlobalSection
	GlobalSection(SolutionProperties) = preSolution
		HideSolutionNode = FALSE
	EndGlobalSection
EndGlobal
